
Microsoft Visual Studio Solution File, Format Version 12.00
# Visual Studio 15
VisualStudioVersion = 15.0.27428.2043
MinimumVisualStudioVersion = 10.0.40219.1
Project("{FAE04EC0-301F-11D3-BF4B-00C04F79EFBC}") = "CameraWebApp", "CameraWebApp\CameraWebApp.csproj", "{0A31CDBA-DED1-414F-9C93-D508A03DFAEE}"
EndProject
Global
	GlobalSection(SolutionConfigurationPlatforms) = preSolution
		Debug|Any CPU = Debug|Any CPU
		Release|Any CPU = Release|Any CPU
	EndGlobalSection
	GlobalSection(ProjectConfigurationPlatforms) = postSolution
		{0A31CDBA-DED1-414F-9C93-D508A03DFAEE}.Debug|Any CPU.ActiveCfg = Debug|Any CPU
		{0A31CDBA-DED1-414F-9C93-D508A03DFAEE}.Debug|Any CPU.Build.0 = Debug|Any CPU
		{0A31CDBA-DED1-414F-9C93-D508A03DFAEE}.Release|Any CPU.ActiveCfg = Release|Any CPU
		{0A31CDBA-DED1-414F-9C93-D508A03DFAEE}.Release|Any CPU.Build.0 = Release|Any CPU
	EndGlobalSection
	GlobalSection(SolutionProperties) = preSolution
		HideSolutionNode = FALSE
	EndGlobalSection
	GlobalSection(ExtensibilityGlobals) = postSolution
		SolutionGuid = {F0A1DA96-82C6-4C36-8CD1-D76284B1B8AE}
	EndGlobalSection
EndGlobal
