
Microsoft Visual Studio Solution File, Format Version 12.00
# Visual Studio 15
VisualStudioVersion = 15.0.27428.2043
MinimumVisualStudioVersion = 10.0.40219.1
Project("{FAE04EC0-301F-11D3-BF4B-00C04F79EFBC}") = "basic_control_gesture", "basic_control_gesture\basic_control_gesture.csproj", "{229782BA-9303-4713-BB7E-B2E97143C812}"
EndProject
Global
	GlobalSection(SolutionConfigurationPlatforms) = preSolution
		Debug|Any CPU = Debug|Any CPU
		Release|Any CPU = Release|Any CPU
	EndGlobalSection
	GlobalSection(ProjectConfigurationPlatforms) = postSolution
		{229782BA-9303-4713-BB7E-B2E97143C812}.Debug|Any CPU.ActiveCfg = Debug|Any CPU
		{229782BA-9303-4713-BB7E-B2E97143C812}.Debug|Any CPU.Build.0 = Debug|Any CPU
		{229782BA-9303-4713-BB7E-B2E97143C812}.Release|Any CPU.ActiveCfg = Release|Any CPU
		{229782BA-9303-4713-BB7E-B2E97143C812}.Release|Any CPU.Build.0 = Release|Any CPU
	EndGlobalSection
	GlobalSection(SolutionProperties) = preSolution
		HideSolutionNode = FALSE
	EndGlobalSection
	GlobalSection(ExtensibilityGlobals) = postSolution
		SolutionGuid = {0FAD3A4B-3D90-4725-B819-CE27E0FAB873}
	EndGlobalSection
EndGlobal
